<?xml version="1.0" encoding="utf-8"?>
<Project ToolsVersion="4.0" xmlns="http://schemas.microsoft.com/developer/msbuild/2003">
  <ItemGroup>
    <Filter Include="Shader">
      <UniqueIdentifier>{f8f85efb-b660-43fd-9bee-7d05b83d339f}</UniqueIdentifier>
    </Filter>
    <Filter Include="Shader\ObjShader">
      <UniqueIdentifier>{85b3c2ba-1ff6-4145-8bae-b6067df2a8ed}</UniqueIdentifier>
    </Filter>
    <Filter Include="Shader\SpriteShader">
      <UniqueIdentifier>{9d653e4b-1b9c-48bf-b81f-5d8bda41a200}</UniqueIdentifier>
    </Filter>
    <Filter Include="Engine">
      <UniqueIdentifier>{d6a1040e-8574-40f8-9f7e-0fdb33f9121f}</UniqueIdentifier>
    </Filter>
    <Filter Include="Engine\2D">
      <UniqueIdentifier>{dbb99018-01cd-456d-ab25-0ebbbc72ccee}</UniqueIdentifier>
    </Filter>
    <Filter Include="Engine\2D\DebugText">
      <UniqueIdentifier>{c8690236-0dde-4b5d-a66f-5c0987aada4a}</UniqueIdentifier>
    </Filter>
    <Filter Include="Engine\2D\LoadSprite">
      <UniqueIdentifier>{4900f846-aa53-4042-bdce-6e7c3e0a3893}</UniqueIdentifier>
    </Filter>
    <Filter Include="Engine\2D\Sprite">
      <UniqueIdentifier>{44f57d94-e49c-469d-bb86-5200c07a61b3}</UniqueIdentifier>
    </Filter>
    <Filter Include="Engine\2D\SpriteCommon">
      <UniqueIdentifier>{0d469624-e784-436e-bcbb-ce5dcacf0cb2}</UniqueIdentifier>
    </Filter>
    <Filter Include="Engine\3D">
      <UniqueIdentifier>{c63cc561-2bd6-4acb-a423-b4d75f3d14c2}</UniqueIdentifier>
    </Filter>
    <Filter Include="Engine\3D\OBJ">
      <UniqueIdentifier>{7e8081d0-cb98-49cd-8911-10b403cf2c72}</UniqueIdentifier>
    </Filter>
    <Filter Include="Engine\3D\OBJ\Object3d">
      <UniqueIdentifier>{c2fa1ddb-f0b0-4d51-be16-2f91e7f83139}</UniqueIdentifier>
    </Filter>
    <Filter Include="Engine\3D\OBJ\Mesh">
      <UniqueIdentifier>{ee91e7de-f590-4869-aced-9a3bb1f03203}</UniqueIdentifier>
    </Filter>
    <Filter Include="Engine\3D\OBJ\Model">
      <UniqueIdentifier>{1af386ec-662a-4c9a-9281-e87807071314}</UniqueIdentifier>
    </Filter>
    <Filter Include="Engine\3D\OBJ\Material">
      <UniqueIdentifier>{2425e6dc-68f2-47b4-8ab8-59a3243fecd6}</UniqueIdentifier>
    </Filter>
    <Filter Include="Engine\3D\Camera">
      <UniqueIdentifier>{f9e260d0-a3cf-41d7-bc60-3224a10727b2}</UniqueIdentifier>
    </Filter>
    <Filter Include="App">
      <UniqueIdentifier>{f12462c4-7248-4910-b4a5-4926ca95f089}</UniqueIdentifier>
    </Filter>
    <Filter Include="Engine\Input">
      <UniqueIdentifier>{33467f57-db8b-4fdf-a8e7-8b6ec05b1a4c}</UniqueIdentifier>
    </Filter>
    <Filter Include="Engine\Base">
      <UniqueIdentifier>{174a6840-0eec-4543-94a2-8d5539fe0f5c}</UniqueIdentifier>
    </Filter>
    <Filter Include="Engine\Base\DirectXCommon">
      <UniqueIdentifier>{e07193ed-72a7-44e9-be86-6d7652f56f68}</UniqueIdentifier>
    </Filter>
    <Filter Include="Engine\Base\WinApp">
      <UniqueIdentifier>{6b57e627-9872-4197-814c-47e3955fc0e3}</UniqueIdentifier>
    </Filter>
    <Filter Include="Engine\Base\Main">
      <UniqueIdentifier>{ee54b079-1710-4500-9a95-3a7776e4afff}</UniqueIdentifier>
    </Filter>
    <Filter Include="Engine\Base\FrameWork">
      <UniqueIdentifier>{225e559d-4f85-4ce0-aaa3-eed1425fa6af}</UniqueIdentifier>
    </Filter>
    <Filter Include="Engine\Base\MyGame">
      <UniqueIdentifier>{5d724db5-af71-4bdc-8757-37f1b7420c30}</UniqueIdentifier>
    </Filter>
    <Filter Include="App\GameScene">
      <UniqueIdentifier>{56f6cc47-08c1-4da3-9be4-d43f74cc1461}</UniqueIdentifier>
    </Filter>
    <Filter Include="App\GameScene\PlayScene">
      <UniqueIdentifier>{1edc7448-ce8a-463f-8602-ac907adfc54d}</UniqueIdentifier>
    </Filter>
    <Filter Include="App\GameScene\TitleScene">
      <UniqueIdentifier>{0723d6e7-3b33-4adc-9784-6b520c19a530}</UniqueIdentifier>
    </Filter>
    <Filter Include="App\Objects">
      <UniqueIdentifier>{ed429022-d93e-48a2-a9ce-2437001ff5b9}</UniqueIdentifier>
    </Filter>
    <Filter Include="App\Objects\Player">
      <UniqueIdentifier>{101e9d70-34a5-4789-9de6-2dd2dfb14d7f}</UniqueIdentifier>
    </Filter>
    <Filter Include="App\Objects\Field">
      <UniqueIdentifier>{d7e93119-86d9-4eb0-8e09-e1f008008ceb}</UniqueIdentifier>
    </Filter>
    <Filter Include="App\Objects\Collision">
      <UniqueIdentifier>{01a8bf13-a78b-4ded-9235-e1f0f032ff92}</UniqueIdentifier>
    </Filter>
    <Filter Include="App\Objects\Enemy">
      <UniqueIdentifier>{afeba06b-3935-41ef-89b6-bb0ffcbb670d}</UniqueIdentifier>
    </Filter>
    <Filter Include="App\GameScene\EndScene">
      <UniqueIdentifier>{563d60b6-0985-46b5-a243-2dd202d82a7a}</UniqueIdentifier>
    </Filter>
    <Filter Include="Engine\MakeScene">
      <UniqueIdentifier>{3bd9e02f-13c4-458c-bcfe-2ae7dd7cb6d3}</UniqueIdentifier>
    </Filter>
    <Filter Include="Engine\MakeScene\SceneFactory">
      <UniqueIdentifier>{9c83c25c-3c73-4fab-b42d-3931271a26d3}</UniqueIdentifier>
    </Filter>
    <Filter Include="Engine\MakeScene\SceneManager">
      <UniqueIdentifier>{bb5cf123-c9ec-4805-a5de-d47431ba2aa0}</UniqueIdentifier>
    </Filter>
    <Filter Include="Engine\MakeScene\BaseScene">
      <UniqueIdentifier>{90d50ca2-f528-4afb-98b1-07ae8d9bb75c}</UniqueIdentifier>
    </Filter>
    <Filter Include="App\Staging">
      <UniqueIdentifier>{355bbfc0-c73c-46f1-80c2-104d5709fdc8}</UniqueIdentifier>
    </Filter>
    <Filter Include="Engine\LevelLoader">
      <UniqueIdentifier>{41e5a09c-d683-4ab2-9dd4-d91fa5e61d74}</UniqueIdentifier>
    </Filter>
    <Filter Include="App\Staging\Scroll">
      <UniqueIdentifier>{acb33086-1370-40ff-b5e7-53d8fc2e3387}</UniqueIdentifier>
    </Filter>
    <Filter Include="App\GameScene\ManualScene">
      <UniqueIdentifier>{54e1a09f-95eb-46c7-a027-38623e6ed0a4}</UniqueIdentifier>
    </Filter>
    <Filter Include="Engine\Audio">
      <UniqueIdentifier>{1fcdfed5-5716-47dd-989b-c19fab38c5b8}</UniqueIdentifier>
    </Filter>
    <Filter Include="App\Staging\CountDown">
      <UniqueIdentifier>{357ce541-899d-42e8-ade5-6012c2aabc95}</UniqueIdentifier>
    </Filter>
  </ItemGroup>
  <ItemGroup>
    <ClCompile Include="Engine\2d\DebugText\DebugText.cpp">
      <Filter>Engine\2D\DebugText</Filter>
    </ClCompile>
    <ClCompile Include="Engine\2d\LoadSprite\LoadSprite.cpp">
      <Filter>Engine\2D\LoadSprite</Filter>
    </ClCompile>
    <ClCompile Include="Engine\2d\Sprite\Sprite.cpp">
      <Filter>Engine\2D\Sprite</Filter>
    </ClCompile>
    <ClCompile Include="Engine\2d\SpriteCommon\SpriteCommon.cpp">
      <Filter>Engine\2D\SpriteCommon</Filter>
    </ClCompile>
    <ClCompile Include="Engine\input\Input.cpp">
      <Filter>Engine\Input</Filter>
    </ClCompile>
    <ClCompile Include="Engine\3d\camera\Camera.cpp">
      <Filter>Engine\3D\Camera</Filter>
    </ClCompile>
    <ClCompile Include="Engine\3d\obj\Material\Material.cpp">
      <Filter>Engine\3D\OBJ\Material</Filter>
    </ClCompile>
    <ClCompile Include="Engine\3d\obj\Mesh\Mesh.cpp">
      <Filter>Engine\3D\OBJ\Mesh</Filter>
    </ClCompile>
    <ClCompile Include="Engine\3d\obj\Model\Model.cpp">
      <Filter>Engine\3D\OBJ\Model</Filter>
    </ClCompile>
    <ClCompile Include="Engine\3d\obj\Object3d\Object3d.cpp">
      <Filter>Engine\3D\OBJ\Object3d</Filter>
    </ClCompile>
    <ClCompile Include="Engine\base\DirectXCommon\DirectXCommon.cpp">
      <Filter>Engine\Base\DirectXCommon</Filter>
    </ClCompile>
    <ClCompile Include="Engine\base\FrameWork\FrameWork.cpp">
      <Filter>Engine\Base\FrameWork</Filter>
    </ClCompile>
    <ClCompile Include="Engine\base\MyGame\MyGame.cpp">
      <Filter>Engine\Base\MyGame</Filter>
    </ClCompile>
    <ClCompile Include="Engine\base\WinApp\WinApp.cpp">
      <Filter>Engine\Base\WinApp</Filter>
    </ClCompile>
    <ClCompile Include="Engine\base\Main\main.cpp">
      <Filter>Engine\Base\Main</Filter>
    </ClCompile>
    <ClCompile Include="App\gameScene\EndScene\EndScene.cpp">
      <Filter>App\GameScene\EndScene</Filter>
    </ClCompile>
    <ClCompile Include="App\gameScene\playScene\PlayScene.cpp">
      <Filter>App\GameScene\PlayScene</Filter>
    </ClCompile>
    <ClCompile Include="App\gameScene\titleScene\TitleScene.cpp">
      <Filter>App\GameScene\TitleScene</Filter>
    </ClCompile>
    <ClCompile Include="App\objects\collision\Collision.cpp">
      <Filter>App\Objects\Collision</Filter>
    </ClCompile>
    <ClCompile Include="App\objects\enemy\Enemy.cpp">
      <Filter>App\Objects\Enemy</Filter>
    </ClCompile>
    <ClCompile Include="App\objects\player\Player.cpp">
      <Filter>App\Objects\Player</Filter>
    </ClCompile>
    <ClCompile Include="Engine\makeScene\sceneManager\SceneManager.cpp">
      <Filter>Engine\MakeScene\SceneManager</Filter>
    </ClCompile>
    <ClCompile Include="Engine\makeScene\sceneFactory\SceneFactory.cpp">
      <Filter>Engine\MakeScene\SceneFactory</Filter>
    </ClCompile>
    <ClCompile Include="App\objects\field\Field.cpp">
      <Filter>App\Objects\Field</Filter>
    </ClCompile>
    <ClCompile Include="Engine\levelLoader\LevelLoader.cpp">
      <Filter>Engine\LevelLoader</Filter>
    </ClCompile>
    <ClCompile Include="App\staging\scroll\Scroll.cpp">
      <Filter>App\Staging\Scroll</Filter>
    </ClCompile>
    <ClCompile Include="App\gameScene\ManualScene\ManualScene.cpp">
      <Filter>App\GameScene\ManualScene</Filter>
    </ClCompile>
    <ClCompile Include="Engine\Audio\Audio.cpp">
      <Filter>Engine\Audio</Filter>
    </ClCompile>
    <ClCompile Include="App\staging\CountDown\CountDown.cpp">
      <Filter>App\Staging\CountDown</Filter>
    </ClCompile>
  </ItemGroup>
  <ItemGroup>
    <ClInclude Include="Engine\2d\DebugText\DebugText.h">
      <Filter>Engine\2D\DebugText</Filter>
    </ClInclude>
    <ClInclude Include="Engine\2d\LoadSprite\LoadSprite.h">
      <Filter>Engine\2D\LoadSprite</Filter>
    </ClInclude>
    <ClInclude Include="Engine\2d\Sprite\Sprite.h">
      <Filter>Engine\2D\Sprite</Filter>
    </ClInclude>
    <ClInclude Include="Engine\2d\SpriteCommon\SpriteCommon.h">
      <Filter>Engine\2D\SpriteCommon</Filter>
    </ClInclude>
    <ClInclude Include="Engine\input\Input.h">
      <Filter>Engine\Input</Filter>
    </ClInclude>
    <ClInclude Include="Engine\3d\camera\Camera.h">
      <Filter>Engine\3D\Camera</Filter>
    </ClInclude>
    <ClInclude Include="Engine\3d\obj\Material\Material.h">
      <Filter>Engine\3D\OBJ\Material</Filter>
    </ClInclude>
    <ClInclude Include="Engine\3d\obj\Mesh\Mesh.h">
      <Filter>Engine\3D\OBJ\Mesh</Filter>
    </ClInclude>
    <ClInclude Include="Engine\3d\obj\Model\Model.h">
      <Filter>Engine\3D\OBJ\Model</Filter>
    </ClInclude>
    <ClInclude Include="Engine\3d\obj\Object3d\Object3d.h">
      <Filter>Engine\3D\OBJ\Object3d</Filter>
    </ClInclude>
    <ClInclude Include="Engine\base\DirectXCommon\DirectXCommon.h">
      <Filter>Engine\Base\DirectXCommon</Filter>
    </ClInclude>
    <ClInclude Include="Engine\base\FrameWork\FrameWork.h">
      <Filter>Engine\Base\FrameWork</Filter>
    </ClInclude>
    <ClInclude Include="Engine\base\MyGame\MyGame.h">
      <Filter>Engine\Base\MyGame</Filter>
    </ClInclude>
    <ClInclude Include="Engine\base\WinApp\WinApp.h">
      <Filter>Engine\Base\WinApp</Filter>
    </ClInclude>
    <ClInclude Include="App\gameScene\EndScene\EndScene.h">
      <Filter>App\GameScene\EndScene</Filter>
    </ClInclude>
    <ClInclude Include="App\gameScene\playScene\PlayScene.h">
      <Filter>App\GameScene\PlayScene</Filter>
    </ClInclude>
    <ClInclude Include="App\gameScene\titleScene\TitleScene.h">
      <Filter>App\GameScene\TitleScene</Filter>
    </ClInclude>
    <ClInclude Include="App\objects\collision\Collision.h">
      <Filter>App\Objects\Collision</Filter>
    </ClInclude>
    <ClInclude Include="App\objects\enemy\Enemy.h">
      <Filter>App\Objects\Enemy</Filter>
    </ClInclude>
    <ClInclude Include="App\objects\player\Player.h">
      <Filter>App\Objects\Player</Filter>
    </ClInclude>
    <ClInclude Include="Engine\makeScene\baseScene\AbstractSceneFactory.h">
      <Filter>Engine\MakeScene\BaseScene</Filter>
    </ClInclude>
    <ClInclude Include="Engine\makeScene\baseScene\BaseScene.h">
      <Filter>Engine\MakeScene\BaseScene</Filter>
    </ClInclude>
    <ClInclude Include="Engine\makeScene\sceneManager\SceneManager.h">
      <Filter>Engine\MakeScene\SceneManager</Filter>
    </ClInclude>
    <ClInclude Include="Engine\makeScene\sceneFactory\SceneFactory.h">
      <Filter>Engine\MakeScene\SceneFactory</Filter>
    </ClInclude>
    <ClInclude Include="App\objects\field\Field.h">
      <Filter>App\Objects\Field</Filter>
    </ClInclude>
    <ClInclude Include="Engine\levelLoader\LevelLoader.h">
      <Filter>Engine\LevelLoader</Filter>
    </ClInclude>
    <ClInclude Include="App\staging\scroll\Scroll.h">
      <Filter>App\Staging\Scroll</Filter>
    </ClInclude>
    <ClInclude Include="App\gameScene\ManualScene\ManualScene.h">
      <Filter>App\GameScene\ManualScene</Filter>
    </ClInclude>
    <ClInclude Include="Engine\Audio\Audio.h">
      <Filter>Engine\Audio</Filter>
    </ClInclude>
    <ClInclude Include="App\staging\CountDown\CountDown.h">
      <Filter>App\Staging\CountDown</Filter>
    </ClInclude>
  </ItemGroup>
  <ItemGroup>
    <None Include="Resources\shaders\SpriteShaderHeader.hlsli">
      <Filter>Shader\SpriteShader</Filter>
    </None>
    <None Include="Resources\shaders\OBJShaderHeader.hlsli">
      <Filter>Shader\ObjShader</Filter>
    </None>
  </ItemGroup>
  <ItemGroup>
    <FxCompile Include="Resources\shaders\SpritePixelShader.hlsl">
      <Filter>Shader\SpriteShader</Filter>
    </FxCompile>
    <FxCompile Include="Resources\shaders\SpriteVertexShader.hlsl">
      <Filter>Shader\SpriteShader</Filter>
    </FxCompile>
    <FxCompile Include="Resources\shaders\OBJPixelShader.hlsl">
      <Filter>Shader\ObjShader</Filter>
    </FxCompile>
    <FxCompile Include="Resources\shaders\OBJVertexShader.hlsl">
      <Filter>Shader\ObjShader</Filter>
    </FxCompile>
  </ItemGroup>
</Project>