<?xml version="1.0" encoding="utf-8"?>
<Project ToolsVersion="4.0" xmlns="http://schemas.microsoft.com/developer/msbuild/2003">
  <ItemGroup>
    <Filter Include="Shader">
      <UniqueIdentifier>{f8f85efb-b660-43fd-9bee-7d05b83d339f}</UniqueIdentifier>
    </Filter>
    <Filter Include="Shader\ObjShader">
      <UniqueIdentifier>{85b3c2ba-1ff6-4145-8bae-b6067df2a8ed}</UniqueIdentifier>
    </Filter>
    <Filter Include="Shader\SpriteShader">
      <UniqueIdentifier>{9d653e4b-1b9c-48bf-b81f-5d8bda41a200}</UniqueIdentifier>
    </Filter>
    <Filter Include="Engine">
      <UniqueIdentifier>{d6a1040e-8574-40f8-9f7e-0fdb33f9121f}</UniqueIdentifier>
    </Filter>
    <Filter Include="Engine\2D">
      <UniqueIdentifier>{dbb99018-01cd-456d-ab25-0ebbbc72ccee}</UniqueIdentifier>
    </Filter>
    <Filter Include="Engine\2D\Sprite">
      <UniqueIdentifier>{44f57d94-e49c-469d-bb86-5200c07a61b3}</UniqueIdentifier>
    </Filter>
    <Filter Include="Engine\3D">
      <UniqueIdentifier>{c63cc561-2bd6-4acb-a423-b4d75f3d14c2}</UniqueIdentifier>
    </Filter>
    <Filter Include="Engine\3D\OBJ">
      <UniqueIdentifier>{7e8081d0-cb98-49cd-8911-10b403cf2c72}</UniqueIdentifier>
    </Filter>
    <Filter Include="App">
      <UniqueIdentifier>{f12462c4-7248-4910-b4a5-4926ca95f089}</UniqueIdentifier>
    </Filter>
    <Filter Include="Engine\Base">
      <UniqueIdentifier>{174a6840-0eec-4543-94a2-8d5539fe0f5c}</UniqueIdentifier>
    </Filter>
    <Filter Include="App\GameScene">
      <UniqueIdentifier>{56f6cc47-08c1-4da3-9be4-d43f74cc1461}</UniqueIdentifier>
    </Filter>
    <Filter Include="Engine\MakeScene">
      <UniqueIdentifier>{3bd9e02f-13c4-458c-bcfe-2ae7dd7cb6d3}</UniqueIdentifier>
    </Filter>
    <Filter Include="App\Staging">
      <UniqueIdentifier>{355bbfc0-c73c-46f1-80c2-104d5709fdc8}</UniqueIdentifier>
    </Filter>
    <Filter Include="Engine\2D\Text">
      <UniqueIdentifier>{62b12941-38b0-4386-b141-2c3945ee0a72}</UniqueIdentifier>
    </Filter>
    <Filter Include="App\Objects">
      <UniqueIdentifier>{ed429022-d93e-48a2-a9ce-2437001ff5b9}</UniqueIdentifier>
    </Filter>
    <Filter Include="Engine\Allpurpose">
      <UniqueIdentifier>{fb820e95-7f77-43a7-b8af-6a6a5fa0aaa4}</UniqueIdentifier>
    </Filter>
    <Filter Include="Engine\FrameWork">
      <UniqueIdentifier>{70e8e959-4404-42ea-b696-50a64bc1c28f}</UniqueIdentifier>
    </Filter>
  </ItemGroup>
  <ItemGroup>
    <ClCompile Include="Engine\2d\Sprite\Sprite.cpp">
      <Filter>Engine\2D\Sprite</Filter>
    </ClCompile>
    <ClCompile Include="Engine\2d\Text\DebugText.cpp">
      <Filter>Engine\2D\Text</Filter>
    </ClCompile>
    <ClCompile Include="Engine\2d\Text\DrawNumber.cpp">
      <Filter>Engine\2D\Text</Filter>
    </ClCompile>
    <ClCompile Include="Engine\2D\Sprite\SpriteCommon.cpp">
      <Filter>Engine\2D\Sprite</Filter>
    </ClCompile>
    <ClCompile Include="App\GameScene\ManualScene.cpp">
      <Filter>App\GameScene</Filter>
    </ClCompile>
    <ClCompile Include="App\GameScene\PlayScene.cpp">
      <Filter>App\GameScene</Filter>
    </ClCompile>
    <ClCompile Include="App\GameScene\TitleScene.cpp">
      <Filter>App\GameScene</Filter>
    </ClCompile>
    <ClCompile Include="App\Objects\Enemy.cpp">
      <Filter>App\Objects</Filter>
    </ClCompile>
    <ClCompile Include="App\Objects\Field.cpp">
      <Filter>App\Objects</Filter>
    </ClCompile>
    <ClCompile Include="App\Objects\Player.cpp">
      <Filter>App\Objects</Filter>
    </ClCompile>
    <ClCompile Include="App\Staging\CountDown.cpp">
      <Filter>App\Staging</Filter>
    </ClCompile>
    <ClCompile Include="App\Staging\Scroll.cpp">
      <Filter>App\Staging</Filter>
    </ClCompile>
    <ClCompile Include="Engine\2D\Sprite\LoadSprite.cpp">
      <Filter>Engine\2D\Sprite</Filter>
    </ClCompile>
    <ClCompile Include="Engine\3D\Obj\Material.cpp">
      <Filter>Engine\3D\OBJ</Filter>
    </ClCompile>
    <ClCompile Include="Engine\3D\Obj\Mesh.cpp">
      <Filter>Engine\3D\OBJ</Filter>
    </ClCompile>
    <ClCompile Include="Engine\3D\Obj\Model.cpp">
      <Filter>Engine\3D\OBJ</Filter>
    </ClCompile>
    <ClCompile Include="Engine\3D\Obj\Object3d.cpp">
      <Filter>Engine\3D\OBJ</Filter>
    </ClCompile>
    <ClCompile Include="Engine\3D\Camera.cpp">
      <Filter>Engine\3D</Filter>
    </ClCompile>
    <ClCompile Include="Engine\Allpurpose\Audio.cpp">
      <Filter>Engine\Allpurpose</Filter>
    </ClCompile>
    <ClCompile Include="Engine\Allpurpose\Collision.cpp">
      <Filter>Engine\Allpurpose</Filter>
    </ClCompile>
    <ClCompile Include="Engine\Allpurpose\Input.cpp">
      <Filter>Engine\Allpurpose</Filter>
    </ClCompile>
    <ClCompile Include="Engine\Allpurpose\LevelLoader.cpp">
      <Filter>Engine\Allpurpose</Filter>
    </ClCompile>
    <ClCompile Include="Engine\MakeScene\SceneFactory.cpp">
      <Filter>Engine\MakeScene</Filter>
    </ClCompile>
    <ClCompile Include="Engine\MakeScene\SceneManager.cpp">
      <Filter>Engine\MakeScene</Filter>
    </ClCompile>
    <ClCompile Include="Engine\Base\DirectXCommon.cpp">
      <Filter>Engine\Base</Filter>
    </ClCompile>
    <ClCompile Include="Engine\Base\main.cpp">
      <Filter>Engine\Base</Filter>
    </ClCompile>
    <ClCompile Include="Engine\Base\WinApp.cpp">
      <Filter>Engine\Base</Filter>
    </ClCompile>
    <ClCompile Include="Engine\FrameWork\FrameWork.cpp">
      <Filter>Engine\FrameWork</Filter>
    </ClCompile>
    <ClCompile Include="Engine\FrameWork\MyGame.cpp">
      <Filter>Engine\FrameWork</Filter>
    </ClCompile>
  </ItemGroup>
  <ItemGroup>
    <ClInclude Include="Engine\2d\Sprite\Sprite.h">
      <Filter>Engine\2D\Sprite</Filter>
    </ClInclude>
    <ClInclude Include="Engine\2d\Text\DebugText.h">
      <Filter>Engine\2D\Text</Filter>
    </ClInclude>
    <ClInclude Include="Engine\2d\Text\DrawNumber.h">
      <Filter>Engine\2D\Text</Filter>
    </ClInclude>
    <ClInclude Include="Engine\2D\Sprite\SpriteCommon.h">
      <Filter>Engine\2D\Sprite</Filter>
    </ClInclude>
    <ClInclude Include="App\GameScene\ManualScene.h">
      <Filter>App\GameScene</Filter>
    </ClInclude>
    <ClInclude Include="App\GameScene\PlayScene.h">
      <Filter>App\GameScene</Filter>
    </ClInclude>
    <ClInclude Include="App\GameScene\TitleScene.h">
      <Filter>App\GameScene</Filter>
    </ClInclude>
    <ClInclude Include="App\Objects\Enemy.h">
      <Filter>App\Objects</Filter>
    </ClInclude>
    <ClInclude Include="App\Objects\Field.h">
      <Filter>App\Objects</Filter>
    </ClInclude>
    <ClInclude Include="App\Objects\Player.h">
      <Filter>App\Objects</Filter>
    </ClInclude>
    <ClInclude Include="App\Staging\CountDown.h">
      <Filter>App\Staging</Filter>
    </ClInclude>
    <ClInclude Include="App\Staging\Scroll.h">
      <Filter>App\Staging</Filter>
    </ClInclude>
    <ClInclude Include="Engine\2D\Sprite\LoadSprite.h">
      <Filter>Engine\2D\Sprite</Filter>
    </ClInclude>
    <ClInclude Include="Engine\3D\Obj\Material.h">
      <Filter>Engine\3D\OBJ</Filter>
    </ClInclude>
    <ClInclude Include="Engine\3D\Obj\Mesh.h">
      <Filter>Engine\3D\OBJ</Filter>
    </ClInclude>
    <ClInclude Include="Engine\3D\Obj\Model.h">
      <Filter>Engine\3D\OBJ</Filter>
    </ClInclude>
    <ClInclude Include="Engine\3D\Obj\Object3d.h">
      <Filter>Engine\3D\OBJ</Filter>
    </ClInclude>
    <ClInclude Include="Engine\3D\Camera.h">
      <Filter>Engine\3D</Filter>
    </ClInclude>
    <ClInclude Include="Engine\Allpurpose\Audio.h">
      <Filter>Engine\Allpurpose</Filter>
    </ClInclude>
    <ClInclude Include="Engine\Allpurpose\Collision.h">
      <Filter>Engine\Allpurpose</Filter>
    </ClInclude>
    <ClInclude Include="Engine\Allpurpose\Input.h">
      <Filter>Engine\Allpurpose</Filter>
    </ClInclude>
    <ClInclude Include="Engine\Allpurpose\LevelLoader.h">
      <Filter>Engine\Allpurpose</Filter>
    </ClInclude>
    <ClInclude Include="Engine\MakeScene\AbstractSceneFactory.h">
      <Filter>Engine\MakeScene</Filter>
    </ClInclude>
    <ClInclude Include="Engine\MakeScene\BaseScene.h">
      <Filter>Engine\MakeScene</Filter>
    </ClInclude>
    <ClInclude Include="Engine\MakeScene\SceneFactory.h">
      <Filter>Engine\MakeScene</Filter>
    </ClInclude>
    <ClInclude Include="Engine\MakeScene\SceneManager.h">
      <Filter>Engine\MakeScene</Filter>
    </ClInclude>
    <ClInclude Include="Engine\Base\DirectXCommon.h">
      <Filter>Engine\Base</Filter>
    </ClInclude>
    <ClInclude Include="Engine\Base\WinApp.h">
      <Filter>Engine\Base</Filter>
    </ClInclude>
    <ClInclude Include="Engine\FrameWork\FrameWork.h">
      <Filter>Engine\FrameWork</Filter>
    </ClInclude>
    <ClInclude Include="Engine\FrameWork\MyGame.h">
      <Filter>Engine\FrameWork</Filter>
    </ClInclude>
  </ItemGroup>
  <ItemGroup>
    <None Include="Resources\shaders\SpriteShaderHeader.hlsli">
      <Filter>Shader\SpriteShader</Filter>
    </None>
    <None Include="Resources\shaders\OBJShaderHeader.hlsli">
      <Filter>Shader\ObjShader</Filter>
    </None>
  </ItemGroup>
  <ItemGroup>
    <FxCompile Include="Resources\shaders\SpritePixelShader.hlsl">
      <Filter>Shader\SpriteShader</Filter>
    </FxCompile>
    <FxCompile Include="Resources\shaders\SpriteVertexShader.hlsl">
      <Filter>Shader\SpriteShader</Filter>
    </FxCompile>
    <FxCompile Include="Resources\shaders\OBJPixelShader.hlsl">
      <Filter>Shader\ObjShader</Filter>
    </FxCompile>
    <FxCompile Include="Resources\shaders\OBJVertexShader.hlsl">
      <Filter>Shader\ObjShader</Filter>
    </FxCompile>
  </ItemGroup>
</Project>