<?xml version="1.0" encoding="utf-8"?>
<Project ToolsVersion="4.0" xmlns="http://schemas.microsoft.com/developer/msbuild/2003">
  <ItemGroup>
    <Filter Include="Base">
      <UniqueIdentifier>{174a6840-0eec-4543-94a2-8d5539fe0f5c}</UniqueIdentifier>
    </Filter>
    <Filter Include="Base\DirectXCommon">
      <UniqueIdentifier>{e07193ed-72a7-44e9-be86-6d7652f56f68}</UniqueIdentifier>
    </Filter>
    <Filter Include="Base\WinApp">
      <UniqueIdentifier>{6b57e627-9872-4197-814c-47e3955fc0e3}</UniqueIdentifier>
    </Filter>
    <Filter Include="Input">
      <UniqueIdentifier>{33467f57-db8b-4fdf-a8e7-8b6ec05b1a4c}</UniqueIdentifier>
    </Filter>
    <Filter Include="Shader">
      <UniqueIdentifier>{f8f85efb-b660-43fd-9bee-7d05b83d339f}</UniqueIdentifier>
    </Filter>
    <Filter Include="Shader\ObjShader">
      <UniqueIdentifier>{85b3c2ba-1ff6-4145-8bae-b6067df2a8ed}</UniqueIdentifier>
    </Filter>
    <Filter Include="Shader\SpriteShader">
      <UniqueIdentifier>{9d653e4b-1b9c-48bf-b81f-5d8bda41a200}</UniqueIdentifier>
    </Filter>
    <Filter Include="Engine">
      <UniqueIdentifier>{d6a1040e-8574-40f8-9f7e-0fdb33f9121f}</UniqueIdentifier>
    </Filter>
    <Filter Include="Engine\2D">
      <UniqueIdentifier>{dbb99018-01cd-456d-ab25-0ebbbc72ccee}</UniqueIdentifier>
    </Filter>
    <Filter Include="Engine\2D\DebugText">
      <UniqueIdentifier>{c8690236-0dde-4b5d-a66f-5c0987aada4a}</UniqueIdentifier>
    </Filter>
    <Filter Include="Engine\2D\LoadSprite">
      <UniqueIdentifier>{4900f846-aa53-4042-bdce-6e7c3e0a3893}</UniqueIdentifier>
    </Filter>
    <Filter Include="Engine\2D\Sprite">
      <UniqueIdentifier>{44f57d94-e49c-469d-bb86-5200c07a61b3}</UniqueIdentifier>
    </Filter>
    <Filter Include="Engine\2D\SpriteCommon">
      <UniqueIdentifier>{0d469624-e784-436e-bcbb-ce5dcacf0cb2}</UniqueIdentifier>
    </Filter>
    <Filter Include="Engine\3D">
      <UniqueIdentifier>{c63cc561-2bd6-4acb-a423-b4d75f3d14c2}</UniqueIdentifier>
    </Filter>
    <Filter Include="Engine\3D\OBJ">
      <UniqueIdentifier>{7e8081d0-cb98-49cd-8911-10b403cf2c72}</UniqueIdentifier>
    </Filter>
    <Filter Include="Engine\3D\OBJ\Object3d">
      <UniqueIdentifier>{c2fa1ddb-f0b0-4d51-be16-2f91e7f83139}</UniqueIdentifier>
    </Filter>
    <Filter Include="Engine\3D\OBJ\Mesh">
      <UniqueIdentifier>{ee91e7de-f590-4869-aced-9a3bb1f03203}</UniqueIdentifier>
    </Filter>
    <Filter Include="Engine\3D\OBJ\Model">
      <UniqueIdentifier>{1af386ec-662a-4c9a-9281-e87807071314}</UniqueIdentifier>
    </Filter>
    <Filter Include="Engine\3D\OBJ\Material">
      <UniqueIdentifier>{2425e6dc-68f2-47b4-8ab8-59a3243fecd6}</UniqueIdentifier>
    </Filter>
    <Filter Include="Engine\3D\Camera">
      <UniqueIdentifier>{f9e260d0-a3cf-41d7-bc60-3224a10727b2}</UniqueIdentifier>
    </Filter>
    <Filter Include="GameScene">
      <UniqueIdentifier>{56f6cc47-08c1-4da3-9be4-d43f74cc1461}</UniqueIdentifier>
    </Filter>
    <Filter Include="Base\Main">
      <UniqueIdentifier>{ee54b079-1710-4500-9a95-3a7776e4afff}</UniqueIdentifier>
    </Filter>
    <Filter Include="Base\FrameWork">
      <UniqueIdentifier>{225e559d-4f85-4ce0-aaa3-eed1425fa6af}</UniqueIdentifier>
    </Filter>
    <Filter Include="Base\MyGame">
      <UniqueIdentifier>{5d724db5-af71-4bdc-8757-37f1b7420c30}</UniqueIdentifier>
    </Filter>
    <Filter Include="MakeScene">
      <UniqueIdentifier>{3bd9e02f-13c4-458c-bcfe-2ae7dd7cb6d3}</UniqueIdentifier>
    </Filter>
    <Filter Include="GameScene\PlayScene">
      <UniqueIdentifier>{1edc7448-ce8a-463f-8602-ac907adfc54d}</UniqueIdentifier>
    </Filter>
    <Filter Include="GameScene\TitleScene">
      <UniqueIdentifier>{0723d6e7-3b33-4adc-9784-6b520c19a530}</UniqueIdentifier>
    </Filter>
    <Filter Include="App">
      <UniqueIdentifier>{f12462c4-7248-4910-b4a5-4926ca95f089}</UniqueIdentifier>
    </Filter>
  </ItemGroup>
  <ItemGroup>
    <ClCompile Include="base\DirectXCommon.cpp">
      <Filter>Base\DirectXCommon</Filter>
    </ClCompile>
    <ClCompile Include="base\WinApp.cpp">
      <Filter>Base\WinApp</Filter>
    </ClCompile>
    <ClCompile Include="input\Input.cpp">
      <Filter>Input</Filter>
    </ClCompile>
    <ClCompile Include="camera\Camera.cpp">
      <Filter>Engine\3D\Camera</Filter>
    </ClCompile>
    <ClCompile Include="Engine\2d\DebugText\DebugText.cpp">
      <Filter>Engine\2D\DebugText</Filter>
    </ClCompile>
    <ClCompile Include="Engine\2d\LoadSprite\LoadSprite.cpp">
      <Filter>Engine\2D\LoadSprite</Filter>
    </ClCompile>
    <ClCompile Include="Engine\2d\Sprite\Sprite.cpp">
      <Filter>Engine\2D\Sprite</Filter>
    </ClCompile>
    <ClCompile Include="Engine\2d\SpriteCommon\SpriteCommon.cpp">
      <Filter>Engine\2D\SpriteCommon</Filter>
    </ClCompile>
    <ClCompile Include="Engine\3d\Material\Material.cpp">
      <Filter>Engine\3D\OBJ\Material</Filter>
    </ClCompile>
    <ClCompile Include="Engine\3d\Mesh\Mesh.cpp">
      <Filter>Engine\3D\OBJ\Mesh</Filter>
    </ClCompile>
    <ClCompile Include="Engine\3d\Model\Model.cpp">
      <Filter>Engine\3D\OBJ\Model</Filter>
    </ClCompile>
    <ClCompile Include="Engine\3d\Object3d\Object3d.cpp">
      <Filter>Engine\3D\OBJ\Object3d</Filter>
    </ClCompile>
    <ClCompile Include="GameScene\TitleScene.cpp">
      <Filter>GameScene\TitleScene</Filter>
    </ClCompile>
    <ClCompile Include="GameScene\PlayScene.cpp">
      <Filter>GameScene\PlayScene</Filter>
    </ClCompile>
    <ClCompile Include="MakeScene\SceneFactory.cpp">
      <Filter>MakeScene</Filter>
    </ClCompile>
    <ClCompile Include="MakeScene\SceneManager.cpp">
      <Filter>MakeScene</Filter>
    </ClCompile>
    <ClCompile Include="base\main.cpp">
      <Filter>Base\Main</Filter>
    </ClCompile>
    <ClCompile Include="base\FrameWork.cpp">
      <Filter>Base\FrameWork</Filter>
    </ClCompile>
    <ClCompile Include="base\MyGame.cpp">
      <Filter>Base\MyGame</Filter>
    </ClCompile>
    <ClCompile Include="App\Player.cpp">
      <Filter>App</Filter>
    </ClCompile>
  </ItemGroup>
  <ItemGroup>
    <ClInclude Include="base\DirectXCommon.h">
      <Filter>Base\DirectXCommon</Filter>
    </ClInclude>
    <ClInclude Include="base\WinApp.h">
      <Filter>Base\WinApp</Filter>
    </ClInclude>
    <ClInclude Include="input\Input.h">
      <Filter>Input</Filter>
    </ClInclude>
    <ClInclude Include="camera\Camera.h">
      <Filter>Engine\3D\Camera</Filter>
    </ClInclude>
    <ClInclude Include="Engine\2d\DebugText\DebugText.h">
      <Filter>Engine\2D\DebugText</Filter>
    </ClInclude>
    <ClInclude Include="Engine\2d\LoadSprite\LoadSprite.h">
      <Filter>Engine\2D\LoadSprite</Filter>
    </ClInclude>
    <ClInclude Include="Engine\2d\Sprite\Sprite.h">
      <Filter>Engine\2D\Sprite</Filter>
    </ClInclude>
    <ClInclude Include="Engine\2d\SpriteCommon\SpriteCommon.h">
      <Filter>Engine\2D\SpriteCommon</Filter>
    </ClInclude>
    <ClInclude Include="Engine\3d\Material\Material.h">
      <Filter>Engine\3D\OBJ\Material</Filter>
    </ClInclude>
    <ClInclude Include="Engine\3d\Mesh\Mesh.h">
      <Filter>Engine\3D\OBJ\Mesh</Filter>
    </ClInclude>
    <ClInclude Include="Engine\3d\Model\Model.h">
      <Filter>Engine\3D\OBJ\Model</Filter>
    </ClInclude>
    <ClInclude Include="Engine\3d\Object3d\Object3d.h">
      <Filter>Engine\3D\OBJ\Object3d</Filter>
    </ClInclude>
    <ClInclude Include="GameScene\TitleScene.h">
      <Filter>GameScene\TitleScene</Filter>
    </ClInclude>
    <ClInclude Include="GameScene\PlayScene.h">
      <Filter>GameScene\PlayScene</Filter>
    </ClInclude>
    <ClInclude Include="MakeScene\AbstractSceneFactory.h">
      <Filter>MakeScene</Filter>
    </ClInclude>
    <ClInclude Include="MakeScene\BaseScene.h">
      <Filter>MakeScene</Filter>
    </ClInclude>
    <ClInclude Include="MakeScene\SceneFactory.h">
      <Filter>MakeScene</Filter>
    </ClInclude>
    <ClInclude Include="MakeScene\SceneManager.h">
      <Filter>MakeScene</Filter>
    </ClInclude>
    <ClInclude Include="base\FrameWork.h">
      <Filter>Base\FrameWork</Filter>
    </ClInclude>
    <ClInclude Include="base\MyGame.h">
      <Filter>Base\MyGame</Filter>
    </ClInclude>
    <ClInclude Include="App\Player.h">
      <Filter>App</Filter>
    </ClInclude>
  </ItemGroup>
  <ItemGroup>
    <None Include="Resources\shaders\SpriteShaderHeader.hlsli">
      <Filter>Shader\SpriteShader</Filter>
    </None>
    <None Include="Resources\shaders\OBJShaderHeader.hlsli">
      <Filter>Shader\ObjShader</Filter>
    </None>
  </ItemGroup>
  <ItemGroup>
    <FxCompile Include="Resources\shaders\SpritePixelShader.hlsl">
      <Filter>Shader\SpriteShader</Filter>
    </FxCompile>
    <FxCompile Include="Resources\shaders\SpriteVertexShader.hlsl">
      <Filter>Shader\SpriteShader</Filter>
    </FxCompile>
    <FxCompile Include="Resources\shaders\OBJPixelShader.hlsl">
      <Filter>Shader\ObjShader</Filter>
    </FxCompile>
    <FxCompile Include="Resources\shaders\OBJVertexShader.hlsl">
      <Filter>Shader\ObjShader</Filter>
    </FxCompile>
  </ItemGroup>
</Project>